
Microsoft Visual Studio Solution File, Format Version 12.00
# Visual Studio 15
VisualStudioVersion = 15.0.28010.2041
MinimumVisualStudioVersion = 10.0.40219.1
Project("{FAE04EC0-301F-11D3-BF4B-00C04F79EFBC}") = "QuickSort2", "QuickSort2.csproj", "{C9F592EE-2708-4F1F-91B3-4AD072E1DDD6}"
EndProject
Project("{FAE04EC0-301F-11D3-BF4B-00C04F79EFBC}") = "UnitTests", "..\UnitTests\UnitTests.csproj", "{F79EBE6D-944B-43ED-96CA-9C1DE6D7E3EF}"
EndProject
Project("{FAE04EC0-301F-11D3-BF4B-00C04F79EFBC}") = "ClassSort", "..\ClassSort\ClassSort.csproj", "{9015EFA9-9431-4BAD-8EA1-98AF02145E2E}"
EndProject
Global
	GlobalSection(SolutionConfigurationPlatforms) = preSolution
		Debug|Any CPU = Debug|Any CPU
		Release|Any CPU = Release|Any CPU
	EndGlobalSection
	GlobalSection(ProjectConfigurationPlatforms) = postSolution
		{C9F592EE-2708-4F1F-91B3-4AD072E1DDD6}.Debug|Any CPU.ActiveCfg = Debug|Any CPU
		{C9F592EE-2708-4F1F-91B3-4AD072E1DDD6}.Debug|Any CPU.Build.0 = Debug|Any CPU
		{C9F592EE-2708-4F1F-91B3-4AD072E1DDD6}.Release|Any CPU.ActiveCfg = Release|Any CPU
		{C9F592EE-2708-4F1F-91B3-4AD072E1DDD6}.Release|Any CPU.Build.0 = Release|Any CPU
		{F79EBE6D-944B-43ED-96CA-9C1DE6D7E3EF}.Debug|Any CPU.ActiveCfg = Debug|Any CPU
		{F79EBE6D-944B-43ED-96CA-9C1DE6D7E3EF}.Debug|Any CPU.Build.0 = Debug|Any CPU
		{F79EBE6D-944B-43ED-96CA-9C1DE6D7E3EF}.Release|Any CPU.ActiveCfg = Release|Any CPU
		{F79EBE6D-944B-43ED-96CA-9C1DE6D7E3EF}.Release|Any CPU.Build.0 = Release|Any CPU
		{9015EFA9-9431-4BAD-8EA1-98AF02145E2E}.Debug|Any CPU.ActiveCfg = Debug|Any CPU
		{9015EFA9-9431-4BAD-8EA1-98AF02145E2E}.Debug|Any CPU.Build.0 = Debug|Any CPU
		{9015EFA9-9431-4BAD-8EA1-98AF02145E2E}.Release|Any CPU.ActiveCfg = Release|Any CPU
		{9015EFA9-9431-4BAD-8EA1-98AF02145E2E}.Release|Any CPU.Build.0 = Release|Any CPU
	EndGlobalSection
	GlobalSection(SolutionProperties) = preSolution
		HideSolutionNode = FALSE
	EndGlobalSection
	GlobalSection(ExtensibilityGlobals) = postSolution
		SolutionGuid = {AEF40851-0E97-48DD-8B21-8092081F67ED}
	EndGlobalSection
EndGlobal
